
Microsoft Visual Studio Solution File, Format Version 12.00
# Visual Studio Version 17
VisualStudioVersion = 17.10.35013.160
MinimumVisualStudioVersion = 10.0.40219.1
Project("{FAE04EC0-301F-11D3-BF4B-00C04F79EFBC}") = "WoltAPI", "WoltAPI.csproj", "{36B20381-7F3F-4AF0-93F3-FD535D601245}"
EndProject
Global
	GlobalSection(SolutionConfigurationPlatforms) = preSolution
		Debug|Any CPU = Debug|Any CPU
		Release|Any CPU = Release|Any CPU
	EndGlobalSection
	GlobalSection(ProjectConfigurationPlatforms) = postSolution
		{36B20381-7F3F-4AF0-93F3-FD535D601245}.Debug|Any CPU.ActiveCfg = Debug|Any CPU
		{36B20381-7F3F-4AF0-93F3-FD535D601245}.Debug|Any CPU.Build.0 = Debug|Any CPU
		{36B20381-7F3F-4AF0-93F3-FD535D601245}.Release|Any CPU.ActiveCfg = Release|Any CPU
		{36B20381-7F3F-4AF0-93F3-FD535D601245}.Release|Any CPU.Build.0 = Release|Any CPU
	EndGlobalSection
	GlobalSection(SolutionProperties) = preSolution
		HideSolutionNode = FALSE
	EndGlobalSection
	GlobalSection(ExtensibilityGlobals) = postSolution
		SolutionGuid = {20FD6EB5-03F7-4B2D-BD83-B1BE75D0F6D5}
	EndGlobalSection
EndGlobal
